
Microsoft Visual Studio Solution File, Format Version 12.00
# Visual Studio 15
VisualStudioVersion = 15.0.27004.2006
MinimumVisualStudioVersion = 10.0.40219.1
Project("{8BC9CEB8-8B4A-11D0-8D11-00A0C91BC942}") = "Game_PW", "Game_PW\Game_PW.vcxproj", "{AEDB0757-72CC-48C2-AC3B-AB1D46D76FCF}"
EndProject
Global
	GlobalSection(SolutionConfigurationPlatforms) = preSolution
		Debug|x64 = Debug|x64
		Debug|x86 = Debug|x86
		Release|x64 = Release|x64
		Release|x86 = Release|x86
	EndGlobalSection
	GlobalSection(ProjectConfigurationPlatforms) = postSolution
		{AEDB0757-72CC-48C2-AC3B-AB1D46D76FCF}.Debug|x64.ActiveCfg = Debug|x64
		{AEDB0757-72CC-48C2-AC3B-AB1D46D76FCF}.Debug|x64.Build.0 = Debug|x64
		{AEDB0757-72CC-48C2-AC3B-AB1D46D76FCF}.Debug|x86.ActiveCfg = Debug|Win32
		{AEDB0757-72CC-48C2-AC3B-AB1D46D76FCF}.Debug|x86.Build.0 = Debug|Win32
		{AEDB0757-72CC-48C2-AC3B-AB1D46D76FCF}.Release|x64.ActiveCfg = Release|x64
		{AEDB0757-72CC-48C2-AC3B-AB1D46D76FCF}.Release|x64.Build.0 = Release|x64
		{AEDB0757-72CC-48C2-AC3B-AB1D46D76FCF}.Release|x86.ActiveCfg = Release|Win32
		{AEDB0757-72CC-48C2-AC3B-AB1D46D76FCF}.Release|x86.Build.0 = Release|Win32
	EndGlobalSection
	GlobalSection(SolutionProperties) = preSolution
		HideSolutionNode = FALSE
	EndGlobalSection
	GlobalSection(ExtensibilityGlobals) = postSolution
		SolutionGuid = {D60108AF-D408-405E-8123-1136B4C974BA}
	EndGlobalSection
EndGlobal
